PODS:
  - Alamofire (5.4.3)
  - AlamofireURLCache5 (0.5.0):
    - Alamofire (~> 5.2)
  - SwiftyJSON (5.0.1)

DEPENDENCIES:
  - Alamofire
  - AlamofireURLCache5
  - SwiftyJSON

SPEC REPOS:
  trunk:
    - Alamofire
    - AlamofireURLCache5
    - SwiftyJSON

SPEC CHECKSUMS:
  Alamofire: e447a2774a40c996748296fa2c55112fdbbc42f9
  AlamofireURLCache5: b839c7db7c61bf40bdf467896eb587baecafb2c0
  SwiftyJSON: 2f33a42c6fbc52764d96f13368585094bfd8aa5e

PODFILE CHECKSUM: aadaf6e2757dc35f86bf542afeedb9452ba95e64

COCOAPODS: 1.10.1
