// !$*UTF8*$!
{
	archiveVersion = 1;
	classes = {
	};
	objectVersion = 51;
	objects = {

/* Begin PBXBuildFile section */
		35C9D66526550B7600A3E4A8 /* AppDelegate.swift in Sources */ = {isa = PBXBuildFile; fileRef = 35C9D66426550B7600A3E4A8 /* AppDelegate.swift */; };
		35C9D66726550B7600A3E4A8 /* SceneDelegate.swift in Sources */ = {isa = PBXBuildFile; fileRef = 35C9D66626550B7600A3E4A8 /* SceneDelegate.swift */; };
		35C9D66926550B7600A3E4A8 /* ViewController.swift in Sources */ = {isa = PBXBuildFile; fileRef = 35C9D66826550B7600A3E4A8 /* ViewController.swift */; };
		35C9D66C26550B7600A3E4A8 /* Main.storyboard in Resources */ = {isa = PBXBuildFile; fileRef = 35C9D66A26550B7600A3E4A8 /* Main.storyboard */; };
		35C9D66F26550B7600A3E4A8 /* Cars7peaks.xcdatamodeld in Sources */ = {isa = PBXBuildFile; fileRef = 35C9D66D26550B7600A3E4A8 /* Cars7peaks.xcdatamodeld */; };
		35C9D67126550B7700A3E4A8 /* Assets.xcassets in Resources */ = {isa = PBXBuildFile; fileRef = 35C9D67026550B7700A3E4A8 /* Assets.xcassets */; };
		35C9D67426550B7700A3E4A8 /* LaunchScreen.storyboard in Resources */ = {isa = PBXBuildFile; fileRef = 35C9D67226550B7700A3E4A8 /* LaunchScreen.storyboard */; };
		35C9D67F26550B7700A3E4A8 /* Cars7peaksTests.swift in Sources */ = {isa = PBXBuildFile; fileRef = 35C9D67E26550B7700A3E4A8 /* Cars7peaksTests.swift */; };
		35C9D68A26550B7800A3E4A8 /* Cars7peaksUITests.swift in Sources */ = {isa = PBXBuildFile; fileRef = 35C9D68926550B7800A3E4A8 /* Cars7peaksUITests.swift */; };
		35C9D6A826550DEE00A3E4A8 /* CarsViewModel.swift in Sources */ = {isa = PBXBuildFile; fileRef = 35C9D6A726550DEE00A3E4A8 /* CarsViewModel.swift */; };
		35C9D6B626550F3700A3E4A8 /* CoreDataManager.swift in Sources */ = {isa = PBXBuildFile; fileRef = 35C9D6B526550F3700A3E4A8 /* CoreDataManager.swift */; };
		35C9D6BB26550FCB00A3E4A8 /* Cars.swift in Sources */ = {isa = PBXBuildFile; fileRef = 35C9D6BA26550FCB00A3E4A8 /* Cars.swift */; };
		35C9D6C02655125800A3E4A8 /* DataStore.swift in Sources */ = {isa = PBXBuildFile; fileRef = 35C9D6BF2655125800A3E4A8 /* DataStore.swift */; };
		35C9D6C5265512BA00A3E4A8 /* NetworkDataManager.swift in Sources */ = {isa = PBXBuildFile; fileRef = 35C9D6C4265512BA00A3E4A8 /* NetworkDataManager.swift */; };
		35C9D6CA265512C000A3E4A8 /* DataStoreProtocol.swift in Sources */ = {isa = PBXBuildFile; fileRef = 35C9D6C9265512C000A3E4A8 /* DataStoreProtocol.swift */; };
		35C9D6CF2655130500A3E4A8 /* NetworkManagerProtocol.swift in Sources */ = {isa = PBXBuildFile; fileRef = 35C9D6CE2655130500A3E4A8 /* NetworkManagerProtocol.swift */; };
		35C9D6D42655132500A3E4A8 /* APIRouter.swift in Sources */ = {isa = PBXBuildFile; fileRef = 35C9D6D32655132500A3E4A8 /* APIRouter.swift */; };
		35C9D6DB2655159800A3E4A8 /* CarTableViewCell.swift in Sources */ = {isa = PBXBuildFile; fileRef = 35C9D6D92655159800A3E4A8 /* CarTableViewCell.swift */; };
		35C9D6DC2655159800A3E4A8 /* CarTableViewCell.xib in Resources */ = {isa = PBXBuildFile; fileRef = 35C9D6DA2655159800A3E4A8 /* CarTableViewCell.xib */; };
		5956CE767CEDC6F023B93A26 /* Pods_Cars7peaks.framework in Frameworks */ = {isa = PBXBuildFile; fileRef = 082845F48DF678AADD99F1B6 /* Pods_Cars7peaks.framework */; };
		5C8D1C5BC7ECE142880A1E89 /* Pods_Cars7peaks_Cars7peaksUITests.framework in Frameworks */ = {isa = PBXBuildFile; fileRef = 78850914EB3787075F9802F6 /* Pods_Cars7peaks_Cars7peaksUITests.framework */; };
		EB4724991D0C4ADFC512C82E /* Pods_Cars7peaksTests.framework in Frameworks */ = {isa = PBXBuildFile; fileRef = CD048481A860D1D5D225A2C1 /* Pods_Cars7peaksTests.framework */; };
/* End PBXBuildFile section */

/* Begin PBXContainerItemProxy section */
		35C9D67B26550B7700A3E4A8 /* PBXContainerItemProxy */ = {
			isa = PBXContainerItemProxy;
			containerPortal = 35C9D65926550B7600A3E4A8 /* Project object */;
			proxyType = 1;
			remoteGlobalIDString = 35C9D66026550B7600A3E4A8;
			remoteInfo = Cars7peaks;
		};
		35C9D68626550B7800A3E4A8 /* PBXContainerItemProxy */ = {
			isa = PBXContainerItemProxy;
			containerPortal = 35C9D65926550B7600A3E4A8 /* Project object */;
			proxyType = 1;
			remoteGlobalIDString = 35C9D66026550B7600A3E4A8;
			remoteInfo = Cars7peaks;
		};
		35C9D74E26553F4700A3E4A8 /* PBXContainerItemProxy */ = {
			isa = PBXContainerItemProxy;
			containerPortal = 35C9D74126553F4700A3E4A8 /* Rx.xcodeproj */;
			proxyType = 2;
			remoteGlobalIDString = C8A56AD71AD7424700B4673B;
			remoteInfo = RxSwift;
		};
		35C9D75026553F4700A3E4A8 /* PBXContainerItemProxy */ = {
			isa = PBXContainerItemProxy;
			containerPortal = 35C9D74126553F4700A3E4A8 /* Rx.xcodeproj */;
			proxyType = 2;
			remoteGlobalIDString = C809396D1B8A71760088E94D;
			remoteInfo = RxCocoa;
		};
		35C9D75226553F4700A3E4A8 /* PBXContainerItemProxy */ = {
			isa = PBXContainerItemProxy;
			containerPortal = 35C9D74126553F4700A3E4A8 /* Rx.xcodeproj */;
			proxyType = 2;
			remoteGlobalIDString = A2897D53225CA1E7004EA481;
			remoteInfo = RxRelay;
		};
		35C9D75426553F4700A3E4A8 /* PBXContainerItemProxy */ = {
			isa = PBXContainerItemProxy;
			containerPortal = 35C9D74126553F4700A3E4A8 /* Rx.xcodeproj */;
			proxyType = 2;
			remoteGlobalIDString = C8093BC71B8A71F00088E94D;
			remoteInfo = RxBlocking;
		};
		35C9D75626553F4700A3E4A8 /* PBXContainerItemProxy */ = {
			isa = PBXContainerItemProxy;
			containerPortal = 35C9D74126553F4700A3E4A8 /* Rx.xcodeproj */;
			proxyType = 2;
			remoteGlobalIDString = C88FA50C1C25C44800CCFEA4;
			remoteInfo = RxTest;
		};
		35C9D75826553F4700A3E4A8 /* PBXContainerItemProxy */ = {
			isa = PBXContainerItemProxy;
			containerPortal = 35C9D74126553F4700A3E4A8 /* Rx.xcodeproj */;
			proxyType = 2;
			remoteGlobalIDString = C83508C31C386F6F0027C24C;
			remoteInfo = "AllTests-iOS";
		};
		35C9D75A26553F4700A3E4A8 /* PBXContainerItemProxy */ = {
			isa = PBXContainerItemProxy;
			containerPortal = 35C9D74126553F4700A3E4A8 /* Rx.xcodeproj */;
			proxyType = 2;
			remoteGlobalIDString = C83509841C38740E0027C24C;
			remoteInfo = "AllTests-tvOS";
		};
		35C9D75C26553F4700A3E4A8 /* PBXContainerItemProxy */ = {
			isa = PBXContainerItemProxy;
			containerPortal = 35C9D74126553F4700A3E4A8 /* Rx.xcodeproj */;
			proxyType = 2;
			remoteGlobalIDString = C83509941C38742C0027C24C;
			remoteInfo = "AllTests-macOS";
		};
		35C9D75E26553F4700A3E4A8 /* PBXContainerItemProxy */ = {
			isa = PBXContainerItemProxy;
			containerPortal = 35C9D74126553F4700A3E4A8 /* Rx.xcodeproj */;
			proxyType = 2;
			remoteGlobalIDString = C85BA04B1C3878740075D68E;
			remoteInfo = Microoptimizations;
		};
		35C9D76026553F4700A3E4A8 /* PBXContainerItemProxy */ = {
			isa = PBXContainerItemProxy;
			containerPortal = 35C9D74126553F4700A3E4A8 /* Rx.xcodeproj */;
			proxyType = 2;
			remoteGlobalIDString = C8E8BA551E2C181A00A4AC2C;
			remoteInfo = Benchmarks;
		};
/* End PBXContainerItemProxy section */

/* Begin PBXFileReference section */
		082845F48DF678AADD99F1B6 /* Pods_Cars7peaks.framework */ = {isa = PBXFileReference; explicitFileType = wrapper.framework; includeInIndex = 0; path = Pods_Cars7peaks.framework; sourceTree = BUILT_PRODUCTS_DIR; };
		35C9D66126550B7600A3E4A8 /* Cars7peaks.app */ = {isa = PBXFileReference; explicitFileType = wrapper.application; includeInIndex = 0; path = Cars7peaks.app; sourceTree = BUILT_PRODUCTS_DIR; };
		35C9D66426550B7600A3E4A8 /* AppDelegate.swift */ = {isa = PBXFileReference; lastKnownFileType = sourcecode.swift; path = AppDelegate.swift; sourceTree = "<group>"; };
		35C9D66626550B7600A3E4A8 /* SceneDelegate.swift */ = {isa = PBXFileReference; lastKnownFileType = sourcecode.swift; path = SceneDelegate.swift; sourceTree = "<group>"; };
		35C9D66826550B7600A3E4A8 /* ViewController.swift */ = {isa = PBXFileReference; lastKnownFileType = sourcecode.swift; path = ViewController.swift; sourceTree = "<group>"; };
		35C9D66B26550B7600A3E4A8 /* Base */ = {isa = PBXFileReference; lastKnownFileType = file.storyboard; name = Base; path = Base.lproj/Main.storyboard; sourceTree = "<group>"; };
		35C9D66E26550B7600A3E4A8 /* Cars7peaks.xcdatamodel */ = {isa = PBXFileReference; lastKnownFileType = wrapper.xcdatamodel; path = Cars7peaks.xcdatamodel; sourceTree = "<group>"; };
		35C9D67026550B7700A3E4A8 /* Assets.xcassets */ = {isa = PBXFileReference; lastKnownFileType = folder.assetcatalog; path = Assets.xcassets; sourceTree = "<group>"; };
		35C9D67326550B7700A3E4A8 /* Base */ = {isa = PBXFileReference; lastKnownFileType = file.storyboard; name = Base; path = Base.lproj/LaunchScreen.storyboard; sourceTree = "<group>"; };
		35C9D67526550B7700A3E4A8 /* Info.plist */ = {isa = PBXFileReference; lastKnownFileType = text.plist.xml; path = Info.plist; sourceTree = "<group>"; };
		35C9D67A26550B7700A3E4A8 /* Cars7peaksTests.xctest */ = {isa = PBXFileReference; explicitFileType = wrapper.cfbundle; includeInIndex = 0; path = Cars7peaksTests.xctest; sourceTree = BUILT_PRODUCTS_DIR; };
		35C9D67E26550B7700A3E4A8 /* Cars7peaksTests.swift */ = {isa = PBXFileReference; lastKnownFileType = sourcecode.swift; path = Cars7peaksTests.swift; sourceTree = "<group>"; };
		35C9D68026550B7700A3E4A8 /* Info.plist */ = {isa = PBXFileReference; lastKnownFileType = text.plist.xml; path = Info.plist; sourceTree = "<group>"; };
		35C9D68526550B7800A3E4A8 /* Cars7peaksUITests.xctest */ = {isa = PBXFileReference; explicitFileType = wrapper.cfbundle; includeInIndex = 0; path = Cars7peaksUITests.xctest; sourceTree = BUILT_PRODUCTS_DIR; };
		35C9D68926550B7800A3E4A8 /* Cars7peaksUITests.swift */ = {isa = PBXFileReference; lastKnownFileType = sourcecode.swift; path = Cars7peaksUITests.swift; sourceTree = "<group>"; };
		35C9D68B26550B7800A3E4A8 /* Info.plist */ = {isa = PBXFileReference; lastKnownFileType = text.plist.xml; path = Info.plist; sourceTree = "<group>"; };
		35C9D6A726550DEE00A3E4A8 /* CarsViewModel.swift */ = {isa = PBXFileReference; lastKnownFileType = sourcecode.swift; path = CarsViewModel.swift; sourceTree = "<group>"; };
		35C9D6AF26550EDA00A3E4A8 /* CarItem+CoreDataClass.swift */ = {isa = PBXFileReference; lastKnownFileType = sourcecode.swift; path = "CarItem+CoreDataClass.swift"; sourceTree = "<group>"; };
		35C9D6B026550EDA00A3E4A8 /* CarItem+CoreDataProperties.swift */ = {isa = PBXFileReference; lastKnownFileType = sourcecode.swift; path = "CarItem+CoreDataProperties.swift"; sourceTree = "<group>"; };
		35C9D6B526550F3700A3E4A8 /* CoreDataManager.swift */ = {isa = PBXFileReference; fileEncoding = 4; lastKnownFileType = sourcecode.swift; path = CoreDataManager.swift; sourceTree = "<group>"; };
		35C9D6BA26550FCB00A3E4A8 /* Cars.swift */ = {isa = PBXFileReference; lastKnownFileType = sourcecode.swift; path = Cars.swift; sourceTree = "<group>"; };
		35C9D6BF2655125800A3E4A8 /* DataStore.swift */ = {isa = PBXFileReference; fileEncoding = 4; lastKnownFileType = sourcecode.swift; path = DataStore.swift; sourceTree = "<group>"; };
		35C9D6C4265512BA00A3E4A8 /* NetworkDataManager.swift */ = {isa = PBXFileReference; fileEncoding = 4; lastKnownFileType = sourcecode.swift; path = NetworkDataManager.swift; sourceTree = "<group>"; };
		35C9D6C9265512C000A3E4A8 /* DataStoreProtocol.swift */ = {isa = PBXFileReference; fileEncoding = 4; lastKnownFileType = sourcecode.swift; path = DataStoreProtocol.swift; sourceTree = "<group>"; };
		35C9D6CE2655130500A3E4A8 /* NetworkManagerProtocol.swift */ = {isa = PBXFileReference; fileEncoding = 4; lastKnownFileType = sourcecode.swift; path = NetworkManagerProtocol.swift; sourceTree = "<group>"; };
		35C9D6D32655132500A3E4A8 /* APIRouter.swift */ = {isa = PBXFileReference; fileEncoding = 4; lastKnownFileType = sourcecode.swift; path = APIRouter.swift; sourceTree = "<group>"; };
		35C9D6D92655159800A3E4A8 /* CarTableViewCell.swift */ = {isa = PBXFileReference; fileEncoding = 4; lastKnownFileType = sourcecode.swift; path = CarTableViewCell.swift; sourceTree = "<group>"; };
		35C9D6DA2655159800A3E4A8 /* CarTableViewCell.xib */ = {isa = PBXFileReference; fileEncoding = 4; lastKnownFileType = file.xib; path = CarTableViewCell.xib; sourceTree = "<group>"; };
		35C9D74126553F4700A3E4A8 /* Rx.xcodeproj */ = {isa = PBXFileReference; lastKnownFileType = "wrapper.pb-project"; name = Rx.xcodeproj; path = "RxSwift-main/Rx.xcodeproj"; sourceTree = "<group>"; };
		78850914EB3787075F9802F6 /* Pods_Cars7peaks_Cars7peaksUITests.framework */ = {isa = PBXFileReference; explicitFileType = wrapper.framework; includeInIndex = 0; path = Pods_Cars7peaks_Cars7peaksUITests.framework; sourceTree = BUILT_PRODUCTS_DIR; };
		7ECA4C1D89307F63CF3576A2 /* Pods-Cars7peaks.release.xcconfig */ = {isa = PBXFileReference; includeInIndex = 1; lastKnownFileType = text.xcconfig; name = "Pods-Cars7peaks.release.xcconfig"; path = "Target Support Files/Pods-Cars7peaks/Pods-Cars7peaks.release.xcconfig"; sourceTree = "<group>"; };
		B4E004AD704494494242D9CC /* Pods-Cars7peaks-Cars7peaksUITests.release.xcconfig */ = {isa = PBXFileReference; includeInIndex = 1; lastKnownFileType = text.xcconfig; name = "Pods-Cars7peaks-Cars7peaksUITests.release.xcconfig"; path = "Target Support Files/Pods-Cars7peaks-Cars7peaksUITests/Pods-Cars7peaks-Cars7peaksUITests.release.xcconfig"; sourceTree = "<group>"; };
		C891E93D3DBD62A89E37FFB5 /* Pods-Cars7peaks.debug.xcconfig */ = {isa = PBXFileReference; includeInIndex = 1; lastKnownFileType = text.xcconfig; name = "Pods-Cars7peaks.debug.xcconfig"; path = "Target Support Files/Pods-Cars7peaks/Pods-Cars7peaks.debug.xcconfig"; sourceTree = "<group>"; };
		CD048481A860D1D5D225A2C1 /* Pods_Cars7peaksTests.framework */ = {isa = PBXFileReference; explicitFileType = wrapper.framework; includeInIndex = 0; path = Pods_Cars7peaksTests.framework; sourceTree = BUILT_PRODUCTS_DIR; };
		EE934DAE86D3589E5FBBF8D9 /* Pods-Cars7peaksTests.debug.xcconfig */ = {isa = PBXFileReference; includeInIndex = 1; lastKnownFileType = text.xcconfig; name = "Pods-Cars7peaksTests.debug.xcconfig"; path = "Target Support Files/Pods-Cars7peaksTests/Pods-Cars7peaksTests.debug.xcconfig"; sourceTree = "<group>"; };
		F488F24185CB1CB7F52CB6CC /* Pods-Cars7peaksTests.release.xcconfig */ = {isa = PBXFileReference; includeInIndex = 1; lastKnownFileType = text.xcconfig; name = "Pods-Cars7peaksTests.release.xcconfig"; path = "Target Support Files/Pods-Cars7peaksTests/Pods-Cars7peaksTests.release.xcconfig"; sourceTree = "<group>"; };
		FBC0215D623F132C67C80A1B /* Pods-Cars7peaks-Cars7peaksUITests.debug.xcconfig */ = {isa = PBXFileReference; includeInIndex = 1; lastKnownFileType = text.xcconfig; name = "Pods-Cars7peaks-Cars7peaksUITests.debug.xcconfig"; path = "Target Support Files/Pods-Cars7peaks-Cars7peaksUITests/Pods-Cars7peaks-Cars7peaksUITests.debug.xcconfig"; sourceTree = "<group>"; };
/* End PBXFileReference section */

/* Begin PBXFrameworksBuildPhase section */
		35C9D65E26550B7600A3E4A8 /* Frameworks */ = {
			isa = PBXFrameworksBuildPhase;
			buildActionMask = 2147483647;
			files = (
				5956CE767CEDC6F023B93A26 /* Pods_Cars7peaks.framework in Frameworks */,
			);
			runOnlyForDeploymentPostprocessing = 0;
		};
		35C9D67726550B7700A3E4A8 /* Frameworks */ = {
			isa = PBXFrameworksBuildPhase;
			buildActionMask = 2147483647;
			files = (
				EB4724991D0C4ADFC512C82E /* Pods_Cars7peaksTests.framework in Frameworks */,
			);
			runOnlyForDeploymentPostprocessing = 0;
		};
		35C9D68226550B7800A3E4A8 /* Frameworks */ = {
			isa = PBXFrameworksBuildPhase;
			buildActionMask = 2147483647;
			files = (
				5C8D1C5BC7ECE142880A1E89 /* Pods_Cars7peaks_Cars7peaksUITests.framework in Frameworks */,
			);
			runOnlyForDeploymentPostprocessing = 0;
		};
/* End PBXFrameworksBuildPhase section */

/* Begin PBXGroup section */
		0EE86BC1932DC70BB52A4F5A /* Pods */ = {
			isa = PBXGroup;
			children = (
				C891E93D3DBD62A89E37FFB5 /* Pods-Cars7peaks.debug.xcconfig */,
				7ECA4C1D89307F63CF3576A2 /* Pods-Cars7peaks.release.xcconfig */,
				FBC0215D623F132C67C80A1B /* Pods-Cars7peaks-Cars7peaksUITests.debug.xcconfig */,
				B4E004AD704494494242D9CC /* Pods-Cars7peaks-Cars7peaksUITests.release.xcconfig */,
				EE934DAE86D3589E5FBBF8D9 /* Pods-Cars7peaksTests.debug.xcconfig */,
				F488F24185CB1CB7F52CB6CC /* Pods-Cars7peaksTests.release.xcconfig */,
			);
			path = Pods;
			sourceTree = "<group>";
		};
		10E9B56A53745C53D316CCE0 /* Frameworks */ = {
			isa = PBXGroup;
			children = (
				082845F48DF678AADD99F1B6 /* Pods_Cars7peaks.framework */,
				78850914EB3787075F9802F6 /* Pods_Cars7peaks_Cars7peaksUITests.framework */,
				CD048481A860D1D5D225A2C1 /* Pods_Cars7peaksTests.framework */,
			);
			name = Frameworks;
			sourceTree = "<group>";
		};
		35C9D65826550B7600A3E4A8 = {
			isa = PBXGroup;
			children = (
				35C9D74126553F4700A3E4A8 /* Rx.xcodeproj */,
				35C9D66326550B7600A3E4A8 /* Cars7peaks */,
				35C9D67D26550B7700A3E4A8 /* Cars7peaksTests */,
				35C9D68826550B7800A3E4A8 /* Cars7peaksUITests */,
				35C9D66226550B7600A3E4A8 /* Products */,
				0EE86BC1932DC70BB52A4F5A /* Pods */,
				10E9B56A53745C53D316CCE0 /* Frameworks */,
			);
			sourceTree = "<group>";
		};
		35C9D66226550B7600A3E4A8 /* Products */ = {
			isa = PBXGroup;
			children = (
				35C9D66126550B7600A3E4A8 /* Cars7peaks.app */,
				35C9D67A26550B7700A3E4A8 /* Cars7peaksTests.xctest */,
				35C9D68526550B7800A3E4A8 /* Cars7peaksUITests.xctest */,
			);
			name = Products;
			sourceTree = "<group>";
		};
		35C9D66326550B7600A3E4A8 /* Cars7peaks */ = {
			isa = PBXGroup;
			children = (
				35C9D6B126550EDA00A3E4A8 /* CoreDataClass */,
				35C9D6A526550C4B00A3E4A8 /* DataStore */,
				35C9D6A426550C3200A3E4A8 /* ViewModel */,
				35C9D6A326550C1900A3E4A8 /* CustomCell */,
				35C9D66426550B7600A3E4A8 /* AppDelegate.swift */,
				35C9D66626550B7600A3E4A8 /* SceneDelegate.swift */,
				35C9D66826550B7600A3E4A8 /* ViewController.swift */,
				35C9D66A26550B7600A3E4A8 /* Main.storyboard */,
				35C9D67026550B7700A3E4A8 /* Assets.xcassets */,
				35C9D67226550B7700A3E4A8 /* LaunchScreen.storyboard */,
				35C9D67526550B7700A3E4A8 /* Info.plist */,
				35C9D66D26550B7600A3E4A8 /* Cars7peaks.xcdatamodeld */,
			);
			path = Cars7peaks;
			sourceTree = "<group>";
		};
		35C9D67D26550B7700A3E4A8 /* Cars7peaksTests */ = {
			isa = PBXGroup;
			children = (
				35C9D67E26550B7700A3E4A8 /* Cars7peaksTests.swift */,
				35C9D68026550B7700A3E4A8 /* Info.plist */,
			);
			path = Cars7peaksTests;
			sourceTree = "<group>";
		};
		35C9D68826550B7800A3E4A8 /* Cars7peaksUITests */ = {
			isa = PBXGroup;
			children = (
				35C9D68926550B7800A3E4A8 /* Cars7peaksUITests.swift */,
				35C9D68B26550B7800A3E4A8 /* Info.plist */,
			);
			path = Cars7peaksUITests;
			sourceTree = "<group>";
		};
		35C9D6A326550C1900A3E4A8 /* CustomCell */ = {
			isa = PBXGroup;
			children = (
				35C9D6D92655159800A3E4A8 /* CarTableViewCell.swift */,
				35C9D6DA2655159800A3E4A8 /* CarTableViewCell.xib */,
			);
			path = CustomCell;
			sourceTree = "<group>";
		};
		35C9D6A426550C3200A3E4A8 /* ViewModel */ = {
			isa = PBXGroup;
			children = (
				35C9D6A726550DEE00A3E4A8 /* CarsViewModel.swift */,
				35C9D6BA26550FCB00A3E4A8 /* Cars.swift */,
			);
			path = ViewModel;
			sourceTree = "<group>";
		};
		35C9D6A526550C4B00A3E4A8 /* DataStore */ = {
			isa = PBXGroup;
			children = (
				35C9D6D32655132500A3E4A8 /* APIRouter.swift */,
				35C9D6C9265512C000A3E4A8 /* DataStoreProtocol.swift */,
				35C9D6CE2655130500A3E4A8 /* NetworkManagerProtocol.swift */,
				35C9D6C4265512BA00A3E4A8 /* NetworkDataManager.swift */,
				35C9D6BF2655125800A3E4A8 /* DataStore.swift */,
			);
			path = DataStore;
			sourceTree = "<group>";
		};
		35C9D6B126550EDA00A3E4A8 /* CoreDataClass */ = {
			isa = PBXGroup;
			children = (
				35C9D6B526550F3700A3E4A8 /* CoreDataManager.swift */,
				35C9D6AF26550EDA00A3E4A8 /* CarItem+CoreDataClass.swift */,
				35C9D6B026550EDA00A3E4A8 /* CarItem+CoreDataProperties.swift */,
			);
			name = CoreDataClass;
			path = ..;
			sourceTree = "<group>";
		};
		35C9D74226553F4700A3E4A8 /* Products */ = {
			isa = PBXGroup;
			children = (
				35C9D74F26553F4700A3E4A8 /* RxSwift.framework */,
				35C9D75126553F4700A3E4A8 /* RxCocoa.framework */,
				35C9D75326553F4700A3E4A8 /* RxRelay.framework */,
				35C9D75526553F4700A3E4A8 /* RxBlocking.framework */,
				35C9D75726553F4700A3E4A8 /* RxTest.framework */,
				35C9D75926553F4700A3E4A8 /* AllTests-iOS.xctest */,
				35C9D75B26553F4700A3E4A8 /* AllTests-tvOS.xctest */,
				35C9D75D26553F4700A3E4A8 /* AllTests-macOS.xctest */,
				35C9D75F26553F4700A3E4A8 /* PerformanceTests.app */,
				35C9D76126553F4700A3E4A8 /* Benchmarks.xctest */,
			);
			name = Products;
			sourceTree = "<group>";
		};
/* End PBXGroup section */

/* Begin PBXNativeTarget section */
		35C9D66026550B7600A3E4A8 /* Cars7peaks */ = {
			isa = PBXNativeTarget;
			buildConfigurationList = 35C9D68E26550B7800A3E4A8 /* Build configuration list for PBXNativeTarget "Cars7peaks" */;
			buildPhases = (
				B98F6F3AFB4C79E800BCB1A9 /* [CP] Check Pods Manifest.lock */,
				35C9D65D26550B7600A3E4A8 /* Sources */,
				35C9D65E26550B7600A3E4A8 /* Frameworks */,
				35C9D65F26550B7600A3E4A8 /* Resources */,
				9D5AEE0C54CB30F249848572 /* [CP] Embed Pods Frameworks */,
			);
			buildRules = (
			);
			dependencies = (
			);
			name = Cars7peaks;
			productName = Cars7peaks;
			productReference = 35C9D66126550B7600A3E4A8 /* Cars7peaks.app */;
			productType = "com.apple.product-type.application";
		};
		35C9D67926550B7700A3E4A8 /* Cars7peaksTests */ = {
			isa = PBXNativeTarget;
			buildConfigurationList = 35C9D69126550B7800A3E4A8 /* Build configuration list for PBXNativeTarget "Cars7peaksTests" */;
			buildPhases = (
				06B0E60D3194B56D26232A8B /* [CP] Check Pods Manifest.lock */,
				35C9D67626550B7700A3E4A8 /* Sources */,
				35C9D67726550B7700A3E4A8 /* Frameworks */,
				35C9D67826550B7700A3E4A8 /* Resources */,
			);
			buildRules = (
			);
			dependencies = (
				35C9D67C26550B7700A3E4A8 /* PBXTargetDependency */,
			);
			name = Cars7peaksTests;
			productName = Cars7peaksTests;
			productReference = 35C9D67A26550B7700A3E4A8 /* Cars7peaksTests.xctest */;
			productType = "com.apple.product-type.bundle.unit-test";
		};
		35C9D68426550B7800A3E4A8 /* Cars7peaksUITests */ = {
			isa = PBXNativeTarget;
			buildConfigurationList = 35C9D69426550B7800A3E4A8 /* Build configuration list for PBXNativeTarget "Cars7peaksUITests" */;
			buildPhases = (
				B9E523D83EF64EB37D304B85 /* [CP] Check Pods Manifest.lock */,
				35C9D68126550B7800A3E4A8 /* Sources */,
				35C9D68226550B7800A3E4A8 /* Frameworks */,
				35C9D68326550B7800A3E4A8 /* Resources */,
				AC68870BE3FDEBB754E99BE8 /* [CP] Embed Pods Frameworks */,
			);
			buildRules = (
			);
			dependencies = (
				35C9D68726550B7800A3E4A8 /* PBXTargetDependency */,
			);
			name = Cars7peaksUITests;
			productName = Cars7peaksUITests;
			productReference = 35C9D68526550B7800A3E4A8 /* Cars7peaksUITests.xctest */;
			productType = "com.apple.product-type.bundle.ui-testing";
		};
/* End PBXNativeTarget section */

/* Begin PBXProject section */
		35C9D65926550B7600A3E4A8 /* Project object */ = {
			isa = PBXProject;
			attributes = {
				LastSwiftUpdateCheck = 1240;
				LastUpgradeCheck = 1240;
				TargetAttributes = {
					35C9D66026550B7600A3E4A8 = {
						CreatedOnToolsVersion = 12.4;
					};
					35C9D67926550B7700A3E4A8 = {
						CreatedOnToolsVersion = 12.4;
						TestTargetID = 35C9D66026550B7600A3E4A8;
					};
					35C9D68426550B7800A3E4A8 = {
						CreatedOnToolsVersion = 12.4;
						TestTargetID = 35C9D66026550B7600A3E4A8;
					};
				};
			};
			buildConfigurationList = 35C9D65C26550B7600A3E4A8 /* Build configuration list for PBXProject "Cars7peaks" */;
			compatibilityVersion = "Xcode 9.3";
			developmentRegion = en;
			hasScannedForEncodings = 0;
			knownRegions = (
				en,
				Base,
			);
			mainGroup = 35C9D65826550B7600A3E4A8;
			productRefGroup = 35C9D66226550B7600A3E4A8 /* Products */;
			projectDirPath = "";
			projectReferences = (
				{
					ProductGroup = 35C9D74226553F4700A3E4A8 /* Products */;
					ProjectRef = 35C9D74126553F4700A3E4A8 /* Rx.xcodeproj */;
				},
			);
			projectRoot = "";
			targets = (
				35C9D66026550B7600A3E4A8 /* Cars7peaks */,
				35C9D67926550B7700A3E4A8 /* Cars7peaksTests */,
				35C9D68426550B7800A3E4A8 /* Cars7peaksUITests */,
			);
		};
/* End PBXProject section */

/* Begin PBXReferenceProxy section */
		35C9D74F26553F4700A3E4A8 /* RxSwift.framework */ = {
			isa = PBXReferenceProxy;
			fileType = wrapper.framework;
			path = RxSwift.framework;
			remoteRef = 35C9D74E26553F4700A3E4A8 /* PBXContainerItemProxy */;
			sourceTree = BUILT_PRODUCTS_DIR;
		};
		35C9D75126553F4700A3E4A8 /* RxCocoa.framework */ = {
			isa = PBXReferenceProxy;
			fileType = wrapper.framework;
			path = RxCocoa.framework;
			remoteRef = 35C9D75026553F4700A3E4A8 /* PBXContainerItemProxy */;
			sourceTree = BUILT_PRODUCTS_DIR;
		};
		35C9D75326553F4700A3E4A8 /* RxRelay.framework */ = {
			isa = PBXReferenceProxy;
			fileType = wrapper.framework;
			path = RxRelay.framework;
			remoteRef = 35C9D75226553F4700A3E4A8 /* PBXContainerItemProxy */;
			sourceTree = BUILT_PRODUCTS_DIR;
		};
		35C9D75526553F4700A3E4A8 /* RxBlocking.framework */ = {
			isa = PBXReferenceProxy;
			fileType = wrapper.framework;
			path = RxBlocking.framework;
			remoteRef = 35C9D75426553F4700A3E4A8 /* PBXContainerItemProxy */;
			sourceTree = BUILT_PRODUCTS_DIR;
		};
		35C9D75726553F4700A3E4A8 /* RxTest.framework */ = {
			isa = PBXReferenceProxy;
			fileType = wrapper.framework;
			path = RxTest.framework;
			remoteRef = 35C9D75626553F4700A3E4A8 /* PBXContainerItemProxy */;
			sourceTree = BUILT_PRODUCTS_DIR;
		};
		35C9D75926553F4700A3E4A8 /* AllTests-iOS.xctest */ = {
			isa = PBXReferenceProxy;
			fileType = wrapper.cfbundle;
			path = "AllTests-iOS.xctest";
			remoteRef = 35C9D75826553F4700A3E4A8 /* PBXContainerItemProxy */;
			sourceTree = BUILT_PRODUCTS_DIR;
		};
		35C9D75B26553F4700A3E4A8 /* AllTests-tvOS.xctest */ = {
			isa = PBXReferenceProxy;
			fileType = wrapper.cfbundle;
			path = "AllTests-tvOS.xctest";
			remoteRef = 35C9D75A26553F4700A3E4A8 /* PBXContainerItemProxy */;
			sourceTree = BUILT_PRODUCTS_DIR;
		};
		35C9D75D26553F4700A3E4A8 /* AllTests-macOS.xctest */ = {
			isa = PBXReferenceProxy;
			fileType = wrapper.cfbundle;
			path = "AllTests-macOS.xctest";
			remoteRef = 35C9D75C26553F4700A3E4A8 /* PBXContainerItemProxy */;
			sourceTree = BUILT_PRODUCTS_DIR;
		};
		35C9D75F26553F4700A3E4A8 /* PerformanceTests.app */ = {
			isa = PBXReferenceProxy;
			fileType = wrapper.application;
			name = PerformanceTests.app;
			path = Microoptimizations.app;
			remoteRef = 35C9D75E26553F4700A3E4A8 /* PBXContainerItemProxy */;
			sourceTree = BUILT_PRODUCTS_DIR;
		};
		35C9D76126553F4700A3E4A8 /* Benchmarks.xctest */ = {
			isa = PBXReferenceProxy;
			fileType = wrapper.cfbundle;
			path = Benchmarks.xctest;
			remoteRef = 35C9D76026553F4700A3E4A8 /* PBXContainerItemProxy */;
			sourceTree = BUILT_PRODUCTS_DIR;
		};
/* End PBXReferenceProxy section */

/* Begin PBXResourcesBuildPhase section */
		35C9D65F26550B7600A3E4A8 /* Resources */ = {
			isa = PBXResourcesBuildPhase;
			buildActionMask = 2147483647;
			files = (
				35C9D67426550B7700A3E4A8 /* LaunchScreen.storyboard in Resources */,
				35C9D67126550B7700A3E4A8 /* Assets.xcassets in Resources */,
				35C9D6DC2655159800A3E4A8 /* CarTableViewCell.xib in Resources */,
				35C9D66C26550B7600A3E4A8 /* Main.storyboard in Resources */,
			);
			runOnlyForDeploymentPostprocessing = 0;
		};
		35C9D67826550B7700A3E4A8 /* Resources */ = {
			isa = PBXResourcesBuildPhase;
			buildActionMask = 2147483647;
			files = (
			);
			runOnlyForDeploymentPostprocessing = 0;
		};
		35C9D68326550B7800A3E4A8 /* Resources */ = {
			isa = PBXResourcesBuildPhase;
			buildActionMask = 2147483647;
			files = (
			);
			runOnlyForDeploymentPostprocessing = 0;
		};
/* End PBXResourcesBuildPhase section */

/* Begin PBXShellScriptBuildPhase section */
		06B0E60D3194B56D26232A8B /* [CP] Check Pods Manifest.lock */ = {
			isa = PBXShellScriptBuildPhase;
			buildActionMask = 2147483647;
			files = (
			);
			inputFileListPaths = (
			);
			inputPaths = (
				"${PODS_PODFILE_DIR_PATH}/Podfile.lock",
				"${PODS_ROOT}/Manifest.lock",
			);
			name = "[CP] Check Pods Manifest.lock";
			outputFileListPaths = (
			);
			outputPaths = (
				"$(DERIVED_FILE_DIR)/Pods-Cars7peaksTests-checkManifestLockResult.txt",
			);
			runOnlyForDeploymentPostprocessing = 0;
			shellPath = /bin/sh;
			shellScript = "diff \"${PODS_PODFILE_DIR_PATH}/Podfile.lock\" \"${PODS_ROOT}/Manifest.lock\" > /dev/null\nif [ $? != 0 ] ; then\n    # print error to STDERR\n    echo \"error: The sandbox is not in sync with the Podfile.lock. Run 'pod install' or update your CocoaPods installation.\" >&2\n    exit 1\nfi\n# This output is used by Xcode 'outputs' to avoid re-running this script phase.\necho \"SUCCESS\" > \"${SCRIPT_OUTPUT_FILE_0}\"\n";
			showEnvVarsInLog = 0;
		};
		9D5AEE0C54CB30F249848572 /* [CP] Embed Pods Frameworks */ = {
			isa = PBXShellScriptBuildPhase;
			buildActionMask = 2147483647;
			files = (
			);
			inputFileListPaths = (
				"${PODS_ROOT}/Target Support Files/Pods-Cars7peaks/Pods-Cars7peaks-frameworks-${CONFIGURATION}-input-files.xcfilelist",
			);
			name = "[CP] Embed Pods Frameworks";
			outputFileListPaths = (
				"${PODS_ROOT}/Target Support Files/Pods-Cars7peaks/Pods-Cars7peaks-frameworks-${CONFIGURATION}-output-files.xcfilelist",
			);
			runOnlyForDeploymentPostprocessing = 0;
			shellPath = /bin/sh;
			shellScript = "\"${PODS_ROOT}/Target Support Files/Pods-Cars7peaks/Pods-Cars7peaks-frameworks.sh\"\n";
			showEnvVarsInLog = 0;
		};
		AC68870BE3FDEBB754E99BE8 /* [CP] Embed Pods Frameworks */ = {
			isa = PBXShellScriptBuildPhase;
			buildActionMask = 2147483647;
			files = (
			);
			inputFileListPaths = (
				"${PODS_ROOT}/Target Support Files/Pods-Cars7peaks-Cars7peaksUITests/Pods-Cars7peaks-Cars7peaksUITests-frameworks-${CONFIGURATION}-input-files.xcfilelist",
			);
			name = "[CP] Embed Pods Frameworks";
			outputFileListPaths = (
				"${PODS_ROOT}/Target Support Files/Pods-Cars7peaks-Cars7peaksUITests/Pods-Cars7peaks-Cars7peaksUITests-frameworks-${CONFIGURATION}-output-files.xcfilelist",
			);
			runOnlyForDeploymentPostprocessing = 0;
			shellPath = /bin/sh;
			shellScript = "\"${PODS_ROOT}/Target Support Files/Pods-Cars7peaks-Cars7peaksUITests/Pods-Cars7peaks-Cars7peaksUITests-frameworks.sh\"\n";
			showEnvVarsInLog = 0;
		};
		B98F6F3AFB4C79E800BCB1A9 /* [CP] Check Pods Manifest.lock */ = {
			isa = PBXShellScriptBuildPhase;
			buildActionMask = 2147483647;
			files = (
			);
			inputFileListPaths = (
			);
			inputPaths = (
				"${PODS_PODFILE_DIR_PATH}/Podfile.lock",
				"${PODS_ROOT}/Manifest.lock",
			);
			name = "[CP] Check Pods Manifest.lock";
			outputFileListPaths = (
			);
			outputPaths = (
				"$(DERIVED_FILE_DIR)/Pods-Cars7peaks-checkManifestLockResult.txt",
			);
			runOnlyForDeploymentPostprocessing = 0;
			shellPath = /bin/sh;
			shellScript = "diff \"${PODS_PODFILE_DIR_PATH}/Podfile.lock\" \"${PODS_ROOT}/Manifest.lock\" > /dev/null\nif [ $? != 0 ] ; then\n    # print error to STDERR\n    echo \"error: The sandbox is not in sync with the Podfile.lock. Run 'pod install' or update your CocoaPods installation.\" >&2\n    exit 1\nfi\n# This output is used by Xcode 'outputs' to avoid re-running this script phase.\necho \"SUCCESS\" > \"${SCRIPT_OUTPUT_FILE_0}\"\n";
			showEnvVarsInLog = 0;
		};
		B9E523D83EF64EB37D304B85 /* [CP] Check Pods Manifest.lock */ = {
			isa = PBXShellScriptBuildPhase;
			buildActionMask = 2147483647;
			files = (
			);
			inputFileListPaths = (
			);
			inputPaths = (
				"${PODS_PODFILE_DIR_PATH}/Podfile.lock",
				"${PODS_ROOT}/Manifest.lock",
			);
			name = "[CP] Check Pods Manifest.lock";
			outputFileListPaths = (
			);
			outputPaths = (
				"$(DERIVED_FILE_DIR)/Pods-Cars7peaks-Cars7peaksUITests-checkManifestLockResult.txt",
			);
			runOnlyForDeploymentPostprocessing = 0;
			shellPath = /bin/sh;
			shellScript = "diff \"${PODS_PODFILE_DIR_PATH}/Podfile.lock\" \"${PODS_ROOT}/Manifest.lock\" > /dev/null\nif [ $? != 0 ] ; then\n    # print error to STDERR\n    echo \"error: The sandbox is not in sync with the Podfile.lock. Run 'pod install' or update your CocoaPods installation.\" >&2\n    exit 1\nfi\n# This output is used by Xcode 'outputs' to avoid re-running this script phase.\necho \"SUCCESS\" > \"${SCRIPT_OUTPUT_FILE_0}\"\n";
			showEnvVarsInLog = 0;
		};
/* End PBXShellScriptBuildPhase section */

/* Begin PBXSourcesBuildPhase section */
		35C9D65D26550B7600A3E4A8 /* Sources */ = {
			isa = PBXSourcesBuildPhase;
			buildActionMask = 2147483647;
			files = (
				35C9D6CF2655130500A3E4A8 /* NetworkManagerProtocol.swift in Sources */,
				35C9D6D42655132500A3E4A8 /* APIRouter.swift in Sources */,
				35C9D6B626550F3700A3E4A8 /* CoreDataManager.swift in Sources */,
				35C9D6C02655125800A3E4A8 /* DataStore.swift in Sources */,
				35C9D6A826550DEE00A3E4A8 /* CarsViewModel.swift in Sources */,
				35C9D66926550B7600A3E4A8 /* ViewController.swift in Sources */,
				35C9D6DB2655159800A3E4A8 /* CarTableViewCell.swift in Sources */,
				35C9D66526550B7600A3E4A8 /* AppDelegate.swift in Sources */,
				35C9D66726550B7600A3E4A8 /* SceneDelegate.swift in Sources */,
				35C9D66F26550B7600A3E4A8 /* Cars7peaks.xcdatamodeld in Sources */,
				35C9D6CA265512C000A3E4A8 /* DataStoreProtocol.swift in Sources */,
				35C9D6BB26550FCB00A3E4A8 /* Cars.swift in Sources */,
				35C9D6C5265512BA00A3E4A8 /* NetworkDataManager.swift in Sources */,
			);
			runOnlyForDeploymentPostprocessing = 0;
		};
		35C9D67626550B7700A3E4A8 /* Sources */ = {
			isa = PBXSourcesBuildPhase;
			buildActionMask = 2147483647;
			files = (
				35C9D67F26550B7700A3E4A8 /* Cars7peaksTests.swift in Sources */,
			);
			runOnlyForDeploymentPostprocessing = 0;
		};
		35C9D68126550B7800A3E4A8 /* Sources */ = {
			isa = PBXSourcesBuildPhase;
			buildActionMask = 2147483647;
			files = (
				35C9D68A26550B7800A3E4A8 /* Cars7peaksUITests.swift in Sources */,
			);
			runOnlyForDeploymentPostprocessing = 0;
		};
/* End PBXSourcesBuildPhase section */

/* Begin PBXTargetDependency section */
		35C9D67C26550B7700A3E4A8 /* PBXTargetDependency */ = {
			isa = PBXTargetDependency;
			target = 35C9D66026550B7600A3E4A8 /* Cars7peaks */;
			targetProxy = 35C9D67B26550B7700A3E4A8 /* PBXContainerItemProxy */;
		};
		35C9D68726550B7800A3E4A8 /* PBXTargetDependency */ = {
			isa = PBXTargetDependency;
			target = 35C9D66026550B7600A3E4A8 /* Cars7peaks */;
			targetProxy = 35C9D68626550B7800A3E4A8 /* PBXContainerItemProxy */;
		};
/* End PBXTargetDependency section */

/* Begin PBXVariantGroup section */
		35C9D66A26550B7600A3E4A8 /* Main.storyboard */ = {
			isa = PBXVariantGroup;
			children = (
				35C9D66B26550B7600A3E4A8 /* Base */,
			);
			name = Main.storyboard;
			sourceTree = "<group>";
		};
		35C9D67226550B7700A3E4A8 /* LaunchScreen.storyboard */ = {
			isa = PBXVariantGroup;
			children = (
				35C9D67326550B7700A3E4A8 /* Base */,
			);
			name = LaunchScreen.storyboard;
			sourceTree = "<group>";
		};
/* End PBXVariantGroup section */

/* Begin XCBuildConfiguration section */
		35C9D68C26550B7800A3E4A8 /* Debug */ = {
			isa = XCBuildConfiguration;
			buildSettings = {
				ALWAYS_SEARCH_USER_PATHS = NO;
				CLANG_ANALYZER_NONNULL = YES;
				CLANG_ANALYZER_NUMBER_OBJECT_CONVERSION = YES_AGGRESSIVE;
				CLANG_CXX_LANGUAGE_STANDARD = "gnu++14";
				CLANG_CXX_LIBRARY = "libc++";
				CLANG_ENABLE_MODULES = YES;
				CLANG_ENABLE_OBJC_ARC = YES;
				CLANG_ENABLE_OBJC_WEAK = YES;
				CLANG_WARN_BLOCK_CAPTURE_AUTORELEASING = YES;
				CLANG_WARN_BOOL_CONVERSION = YES;
				CLANG_WARN_COMMA = YES;
				CLANG_WARN_CONSTANT_CONVERSION = YES;
				CLANG_WARN_DEPRECATED_OBJC_IMPLEMENTATIONS = YES;
				CLANG_WARN_DIRECT_OBJC_ISA_USAGE = YES_ERROR;
				CLANG_WARN_DOCUMENTATION_COMMENTS = YES;
				CLANG_WARN_EMPTY_BODY = YES;
				CLANG_WARN_ENUM_CONVERSION = YES;
				CLANG_WARN_INFINITE_RECURSION = YES;
				CLANG_WARN_INT_CONVERSION = YES;
				CLANG_WARN_NON_LITERAL_NULL_CONVERSION = YES;
				CLANG_WARN_OBJC_IMPLICIT_RETAIN_SELF = YES;
				CLANG_WARN_OBJC_LITERAL_CONVERSION = YES;
				CLANG_WARN_OBJC_ROOT_CLASS = YES_ERROR;
				CLANG_WARN_QUOTED_INCLUDE_IN_FRAMEWORK_HEADER = YES;
				CLANG_WARN_RANGE_LOOP_ANALYSIS = YES;
				CLANG_WARN_STRICT_PROTOTYPES = YES;
				CLANG_WARN_SUSPICIOUS_MOVE = YES;
				CLANG_WARN_UNGUARDED_AVAILABILITY = YES_AGGRESSIVE;
				CLANG_WARN_UNREACHABLE_CODE = YES;
				CLANG_WARN__DUPLICATE_METHOD_MATCH = YES;
				COPY_PHASE_STRIP = NO;
				DEBUG_INFORMATION_FORMAT = dwarf;
				ENABLE_STRICT_OBJC_MSGSEND = YES;
				ENABLE_TESTABILITY = YES;
				GCC_C_LANGUAGE_STANDARD = gnu11;
				GCC_DYNAMIC_NO_PIC = NO;
				GCC_NO_COMMON_BLOCKS = YES;
				GCC_OPTIMIZATION_LEVEL = 0;
				GCC_PREPROCESSOR_DEFINITIONS = (
					"DEBUG=1",
					"$(inherited)",
				);
				GCC_WARN_64_TO_32_BIT_CONVERSION = YES;
				GCC_WARN_ABOUT_RETURN_TYPE = YES_ERROR;
				GCC_WARN_UNDECLARED_SELECTOR = YES;
				GCC_WARN_UNINITIALIZED_AUTOS = YES_AGGRESSIVE;
				GCC_WARN_UNUSED_FUNCTION = YES;
				GCC_WARN_UNUSED_VARIABLE = YES;
				IPHONEOS_DEPLOYMENT_TARGET = 14.4;
				MTL_ENABLE_DEBUG_INFO = INCLUDE_SOURCE;
				MTL_FAST_MATH = YES;
				ONLY_ACTIVE_ARCH = YES;
				SDKROOT = iphoneos;
				SWIFT_ACTIVE_COMPILATION_CONDITIONS = DEBUG;
				SWIFT_OPTIMIZATION_LEVEL = "-Onone";
			};
			name = Debug;
		};
		35C9D68D26550B7800A3E4A8 /* Release */ = {
			isa = XCBuildConfiguration;
			buildSettings = {
				ALWAYS_SEARCH_USER_PATHS = NO;
				CLANG_ANALYZER_NONNULL = YES;
				CLANG_ANALYZER_NUMBER_OBJECT_CONVERSION = YES_AGGRESSIVE;
				CLANG_CXX_LANGUAGE_STANDARD = "gnu++14";
				CLANG_CXX_LIBRARY = "libc++";
				CLANG_ENABLE_MODULES = YES;
				CLANG_ENABLE_OBJC_ARC = YES;
				CLANG_ENABLE_OBJC_WEAK = YES;
				CLANG_WARN_BLOCK_CAPTURE_AUTORELEASING = YES;
				CLANG_WARN_BOOL_CONVERSION = YES;
				CLANG_WARN_COMMA = YES;
				CLANG_WARN_CONSTANT_CONVERSION = YES;
				CLANG_WARN_DEPRECATED_OBJC_IMPLEMENTATIONS = YES;
				CLANG_WARN_DIRECT_OBJC_ISA_USAGE = YES_ERROR;
				CLANG_WARN_DOCUMENTATION_COMMENTS = YES;
				CLANG_WARN_EMPTY_BODY = YES;
				CLANG_WARN_ENUM_CONVERSION = YES;
				CLANG_WARN_INFINITE_RECURSION = YES;
				CLANG_WARN_INT_CONVERSION = YES;
				CLANG_WARN_NON_LITERAL_NULL_CONVERSION = YES;
				CLANG_WARN_OBJC_IMPLICIT_RETAIN_SELF = YES;
				CLANG_WARN_OBJC_LITERAL_CONVERSION = YES;
				CLANG_WARN_OBJC_ROOT_CLASS = YES_ERROR;
				CLANG_WARN_QUOTED_INCLUDE_IN_FRAMEWORK_HEADER = YES;
				CLANG_WARN_RANGE_LOOP_ANALYSIS = YES;
				CLANG_WARN_STRICT_PROTOTYPES = YES;
				CLANG_WARN_SUSPICIOUS_MOVE = YES;
				CLANG_WARN_UNGUARDED_AVAILABILITY = YES_AGGRESSIVE;
				CLANG_WARN_UNREACHABLE_CODE = YES;
				CLANG_WARN__DUPLICATE_METHOD_MATCH = YES;
				COPY_PHASE_STRIP = NO;
				DEBUG_INFORMATION_FORMAT = "dwarf-with-dsym";
				ENABLE_NS_ASSERTIONS = NO;
				ENABLE_STRICT_OBJC_MSGSEND = YES;
				GCC_C_LANGUAGE_STANDARD = gnu11;
				GCC_NO_COMMON_BLOCKS = YES;
				GCC_WARN_64_TO_32_BIT_CONVERSION = YES;
				GCC_WARN_ABOUT_RETURN_TYPE = YES_ERROR;
				GCC_WARN_UNDECLARED_SELECTOR = YES;
				GCC_WARN_UNINITIALIZED_AUTOS = YES_AGGRESSIVE;
				GCC_WARN_UNUSED_FUNCTION = YES;
				GCC_WARN_UNUSED_VARIABLE = YES;
				IPHONEOS_DEPLOYMENT_TARGET = 14.4;
				MTL_ENABLE_DEBUG_INFO = NO;
				MTL_FAST_MATH = YES;
				SDKROOT = iphoneos;
				SWIFT_COMPILATION_MODE = wholemodule;
				SWIFT_OPTIMIZATION_LEVEL = "-O";
				VALIDATE_PRODUCT = YES;
			};
			name = Release;
		};
		35C9D68F26550B7800A3E4A8 /* Debug */ = {
			isa = XCBuildConfiguration;
			baseConfigurationReference = C891E93D3DBD62A89E37FFB5 /* Pods-Cars7peaks.debug.xcconfig */;
			buildSettings = {
				ASSETCATALOG_COMPILER_APPICON_NAME = AppIcon;
				ASSETCATALOG_COMPILER_GLOBAL_ACCENT_COLOR_NAME = AccentColor;
				CODE_SIGN_STYLE = Automatic;
				INFOPLIST_FILE = Cars7peaks/Info.plist;
				LD_RUNPATH_SEARCH_PATHS = (
					"$(inherited)",
					"@executable_path/Frameworks",
				);
				PRODUCT_BUNDLE_IDENTIFIER = com.sevenpeakssoftware.Immanuel.Cars7peaks;
				PRODUCT_NAME = "$(TARGET_NAME)";
				SWIFT_VERSION = 5.0;
				TARGETED_DEVICE_FAMILY = "1,2";
			};
			name = Debug;
		};
		35C9D69026550B7800A3E4A8 /* Release */ = {
			isa = XCBuildConfiguration;
			baseConfigurationReference = 7ECA4C1D89307F63CF3576A2 /* Pods-Cars7peaks.release.xcconfig */;
			buildSettings = {
				ASSETCATALOG_COMPILER_APPICON_NAME = AppIcon;
				ASSETCATALOG_COMPILER_GLOBAL_ACCENT_COLOR_NAME = AccentColor;
				CODE_SIGN_STYLE = Automatic;
				INFOPLIST_FILE = Cars7peaks/Info.plist;
				LD_RUNPATH_SEARCH_PATHS = (
					"$(inherited)",
					"@executable_path/Frameworks",
				);
				PRODUCT_BUNDLE_IDENTIFIER = com.sevenpeakssoftware.Immanuel.Cars7peaks;
				PRODUCT_NAME = "$(TARGET_NAME)";
				SWIFT_VERSION = 5.0;
				TARGETED_DEVICE_FAMILY = "1,2";
			};
			name = Release;
		};
		35C9D69226550B7800A3E4A8 /* Debug */ = {
			isa = XCBuildConfiguration;
			baseConfigurationReference = EE934DAE86D3589E5FBBF8D9 /* Pods-Cars7peaksTests.debug.xcconfig */;
			buildSettings = {
				ALWAYS_EMBED_SWIFT_STANDARD_LIBRARIES = YES;
				BUNDLE_LOADER = "$(TEST_HOST)";
				CODE_SIGN_STYLE = Automatic;
				INFOPLIST_FILE = Cars7peaksTests/Info.plist;
				IPHONEOS_DEPLOYMENT_TARGET = 14.4;
				LD_RUNPATH_SEARCH_PATHS = (
					"$(inherited)",
					"@executable_path/Frameworks",
					"@loader_path/Frameworks",
				);
				PRODUCT_BUNDLE_IDENTIFIER = com.sevenpeakssoftware.Immanuel.Cars7peaksTests;
				PRODUCT_NAME = "$(TARGET_NAME)";
				SWIFT_VERSION = 5.0;
				TARGETED_DEVICE_FAMILY = "1,2";
				TEST_HOST = "$(BUILT_PRODUCTS_DIR)/Cars7peaks.app/Cars7peaks";
			};
			name = Debug;
		};
		35C9D69326550B7800A3E4A8 /* Release */ = {
			isa = XCBuildConfiguration;
			baseConfigurationReference = F488F24185CB1CB7F52CB6CC /* Pods-Cars7peaksTests.release.xcconfig */;
			buildSettings = {
				ALWAYS_EMBED_SWIFT_STANDARD_LIBRARIES = YES;
				BUNDLE_LOADER = "$(TEST_HOST)";
				CODE_SIGN_STYLE = Automatic;
				INFOPLIST_FILE = Cars7peaksTests/Info.plist;
				IPHONEOS_DEPLOYMENT_TARGET = 14.4;
				LD_RUNPATH_SEARCH_PATHS = (
					"$(inherited)",
					"@executable_path/Frameworks",
					"@loader_path/Frameworks",
				);
				PRODUCT_BUNDLE_IDENTIFIER = com.sevenpeakssoftware.Immanuel.Cars7peaksTests;
				PRODUCT_NAME = "$(TARGET_NAME)";
				SWIFT_VERSION = 5.0;
				TARGETED_DEVICE_FAMILY = "1,2";
				TEST_HOST = "$(BUILT_PRODUCTS_DIR)/Cars7peaks.app/Cars7peaks";
			};
			name = Release;
		};
		35C9D69526550B7800A3E4A8 /* Debug */ = {
			isa = XCBuildConfiguration;
			baseConfigurationReference = FBC0215D623F132C67C80A1B /* Pods-Cars7peaks-Cars7peaksUITests.debug.xcconfig */;
			buildSettings = {
				ALWAYS_EMBED_SWIFT_STANDARD_LIBRARIES = YES;
				CODE_SIGN_STYLE = Automatic;
				INFOPLIST_FILE = Cars7peaksUITests/Info.plist;
				LD_RUNPATH_SEARCH_PATHS = (
					"$(inherited)",
					"@executable_path/Frameworks",
					"@loader_path/Frameworks",
				);
				PRODUCT_BUNDLE_IDENTIFIER = com.sevenpeakssoftware.Immanuel.Cars7peaksUITests;
				PRODUCT_NAME = "$(TARGET_NAME)";
				SWIFT_VERSION = 5.0;
				TARGETED_DEVICE_FAMILY = "1,2";
				TEST_TARGET_NAME = Cars7peaks;
			};
			name = Debug;
		};
		35C9D69626550B7800A3E4A8 /* Release */ = {
			isa = XCBuildConfiguration;
			baseConfigurationReference = B4E004AD704494494242D9CC /* Pods-Cars7peaks-Cars7peaksUITests.release.xcconfig */;
			buildSettings = {
				ALWAYS_EMBED_SWIFT_STANDARD_LIBRARIES = YES;
				CODE_SIGN_STYLE = Automatic;
				INFOPLIST_FILE = Cars7peaksUITests/Info.plist;
				LD_RUNPATH_SEARCH_PATHS = (
					"$(inherited)",
					"@executable_path/Frameworks",
					"@loader_path/Frameworks",
				);
				PRODUCT_BUNDLE_IDENTIFIER = com.sevenpeakssoftware.Immanuel.Cars7peaksUITests;
				PRODUCT_NAME = "$(TARGET_NAME)";
				SWIFT_VERSION = 5.0;
				TARGETED_DEVICE_FAMILY = "1,2";
				TEST_TARGET_NAME = Cars7peaks;
			};
			name = Release;
		};
/* End XCBuildConfiguration section */

/* Begin XCConfigurationList section */
		35C9D65C26550B7600A3E4A8 /* Build configuration list for PBXProject "Cars7peaks" */ = {
			isa = XCConfigurationList;
			buildConfigurations = (
				35C9D68C26550B7800A3E4A8 /* Debug */,
				35C9D68D26550B7800A3E4A8 /* Release */,
			);
			defaultConfigurationIsVisible = 0;
			defaultConfigurationName = Release;
		};
		35C9D68E26550B7800A3E4A8 /* Build configuration list for PBXNativeTarget "Cars7peaks" */ = {
			isa = XCConfigurationList;
			buildConfigurations = (
				35C9D68F26550B7800A3E4A8 /* Debug */,
				35C9D69026550B7800A3E4A8 /* Release */,
			);
			defaultConfigurationIsVisible = 0;
			defaultConfigurationName = Release;
		};
		35C9D69126550B7800A3E4A8 /* Build configuration list for PBXNativeTarget "Cars7peaksTests" */ = {
			isa = XCConfigurationList;
			buildConfigurations = (
				35C9D69226550B7800A3E4A8 /* Debug */,
				35C9D69326550B7800A3E4A8 /* Release */,
			);
			defaultConfigurationIsVisible = 0;
			defaultConfigurationName = Release;
		};
		35C9D69426550B7800A3E4A8 /* Build configuration list for PBXNativeTarget "Cars7peaksUITests" */ = {
			isa = XCConfigurationList;
			buildConfigurations = (
				35C9D69526550B7800A3E4A8 /* Debug */,
				35C9D69626550B7800A3E4A8 /* Release */,
			);
			defaultConfigurationIsVisible = 0;
			defaultConfigurationName = Release;
		};
/* End XCConfigurationList section */

/* Begin XCVersionGroup section */
		35C9D66D26550B7600A3E4A8 /* Cars7peaks.xcdatamodeld */ = {
			isa = XCVersionGroup;
			children = (
				35C9D66E26550B7600A3E4A8 /* Cars7peaks.xcdatamodel */,
			);
			currentVersion = 35C9D66E26550B7600A3E4A8 /* Cars7peaks.xcdatamodel */;
			path = Cars7peaks.xcdatamodeld;
			sourceTree = "<group>";
			versionGroupType = wrapper.xcdatamodel;
		};
/* End XCVersionGroup section */
	};
	rootObject = 35C9D65926550B7600A3E4A8 /* Project object */;
}
